// !$*UTF8*$!
{
	archiveVersion = 1;
	classes = {
	};
	objectVersion = 50;
	objects = {

/* Begin PBXBuildFile section */
		CA326C8B22A1833E005C5416 /* AppDelegate.swift in Sources */ = {isa = PBXBuildFile; fileRef = CA326C8A22A1833E005C5416 /* AppDelegate.swift */; };
		CA326C9022A1833E005C5416 /* Main.storyboard in Resources */ = {isa = PBXBuildFile; fileRef = CA326C8E22A1833E005C5416 /* Main.storyboard */; };
		CA326C9222A1833F005C5416 /* Assets.xcassets in Resources */ = {isa = PBXBuildFile; fileRef = CA326C9122A1833F005C5416 /* Assets.xcassets */; };
		CA326C9522A1833F005C5416 /* LaunchScreen.storyboard in Resources */ = {isa = PBXBuildFile; fileRef = CA326C9322A1833F005C5416 /* LaunchScreen.storyboard */; };
		CA326C9D22A1841C005C5416 /* CalendarTableViewController.swift in Sources */ = {isa = PBXBuildFile; fileRef = CA326C9C22A1841C005C5416 /* CalendarTableViewController.swift */; };
		CA326C9F22A6CF7D005C5416 /* Class.swift in Sources */ = {isa = PBXBuildFile; fileRef = CA326C9E22A6CF7D005C5416 /* Class.swift */; };
		CA326CA122A6CFCF005C5416 /* Day.swift in Sources */ = {isa = PBXBuildFile; fileRef = CA326CA022A6CFCF005C5416 /* Day.swift */; };
		CA326CA322A6D8BF005C5416 /* CalendarTableViewCell.swift in Sources */ = {isa = PBXBuildFile; fileRef = CA326CA222A6D8BF005C5416 /* CalendarTableViewCell.swift */; };
		CA326CA522A849DA005C5416 /* DayTableViewController.swift in Sources */ = {isa = PBXBuildFile; fileRef = CA326CA422A849DA005C5416 /* DayTableViewController.swift */; };
/* End PBXBuildFile section */

/* Begin PBXFileReference section */
		CA326C8722A1833E005C5416 /* ClassCalendar_WithHomework.app */ = {isa = PBXFileReference; explicitFileType = wrapper.application; includeInIndex = 0; path = ClassCalendar_WithHomework.app; sourceTree = BUILT_PRODUCTS_DIR; };
		CA326C8A22A1833E005C5416 /* AppDelegate.swift */ = {isa = PBXFileReference; lastKnownFileType = sourcecode.swift; path = AppDelegate.swift; sourceTree = "<group>"; };
		CA326C8F22A1833E005C5416 /* Base */ = {isa = PBXFileReference; lastKnownFileType = file.storyboard; name = Base; path = Base.lproj/Main.storyboard; sourceTree = "<group>"; };
		CA326C9122A1833F005C5416 /* Assets.xcassets */ = {isa = PBXFileReference; lastKnownFileType = folder.assetcatalog; path = Assets.xcassets; sourceTree = "<group>"; };
		CA326C9422A1833F005C5416 /* Base */ = {isa = PBXFileReference; lastKnownFileType = file.storyboard; name = Base; path = Base.lproj/LaunchScreen.storyboard; sourceTree = "<group>"; };
		CA326C9622A1833F005C5416 /* Info.plist */ = {isa = PBXFileReference; lastKnownFileType = text.plist.xml; path = Info.plist; sourceTree = "<group>"; };
		CA326C9C22A1841C005C5416 /* CalendarTableViewController.swift */ = {isa = PBXFileReference; lastKnownFileType = sourcecode.swift; path = CalendarTableViewController.swift; sourceTree = "<group>"; };
		CA326C9E22A6CF7D005C5416 /* Class.swift */ = {isa = PBXFileReference; lastKnownFileType = sourcecode.swift; path = Class.swift; sourceTree = "<group>"; };
		CA326CA022A6CFCF005C5416 /* Day.swift */ = {isa = PBXFileReference; lastKnownFileType = sourcecode.swift; path = Day.swift; sourceTree = "<group>"; };
		CA326CA222A6D8BF005C5416 /* CalendarTableViewCell.swift */ = {isa = PBXFileReference; lastKnownFileType = sourcecode.swift; path = CalendarTableViewCell.swift; sourceTree = "<group>"; };
		CA326CA422A849DA005C5416 /* DayTableViewController.swift */ = {isa = PBXFileReference; lastKnownFileType = sourcecode.swift; path = DayTableViewController.swift; sourceTree = "<group>"; };
/* End PBXFileReference section */

/* Begin PBXFrameworksBuildPhase section */
		CA326C8422A1833E005C5416 /* Frameworks */ = {
			isa = PBXFrameworksBuildPhase;
			buildActionMask = 2147483647;
			files = (
			);
			runOnlyForDeploymentPostprocessing = 0;
		};
/* End PBXFrameworksBuildPhase section */

/* Begin PBXGroup section */
		CA326C7E22A1833E005C5416 = {
			isa = PBXGroup;
			children = (
				CA326C8922A1833E005C5416 /* ClassCalendar_WithHomework */,
				CA326C8822A1833E005C5416 /* Products */,
			);
			sourceTree = "<group>";
		};
		CA326C8822A1833E005C5416 /* Products */ = {
			isa = PBXGroup;
			children = (
				CA326C8722A1833E005C5416 /* ClassCalendar_WithHomework.app */,
			);
			name = Products;
			sourceTree = "<group>";
		};
		CA326C8922A1833E005C5416 /* ClassCalendar_WithHomework */ = {
			isa = PBXGroup;
			children = (
				CA326C8A22A1833E005C5416 /* AppDelegate.swift */,
				CA326C8E22A1833E005C5416 /* Main.storyboard */,
				CA326CA422A849DA005C5416 /* DayTableViewController.swift */,
				CA326C9C22A1841C005C5416 /* CalendarTableViewController.swift */,
				CA326CA222A6D8BF005C5416 /* CalendarTableViewCell.swift */,
				CA326C9E22A6CF7D005C5416 /* Class.swift */,
				CA326CA022A6CFCF005C5416 /* Day.swift */,
				CA326C9122A1833F005C5416 /* Assets.xcassets */,
				CA326C9322A1833F005C5416 /* LaunchScreen.storyboard */,
				CA326C9622A1833F005C5416 /* Info.plist */,
			);
			path = ClassCalendar_WithHomework;
			sourceTree = "<group>";
		};
/* End PBXGroup section */

/* Begin PBXNativeTarget section */
		CA326C8622A1833E005C5416 /* ClassCalendar_WithHomework */ = {
			isa = PBXNativeTarget;
			buildConfigurationList = CA326C9922A1833F005C5416 /* Build configuration list for PBXNativeTarget "ClassCalendar_WithHomework" */;
			buildPhases = (
				CA326C8322A1833E005C5416 /* Sources */,
				CA326C8422A1833E005C5416 /* Frameworks */,
				CA326C8522A1833E005C5416 /* Resources */,
			);
			buildRules = (
			);
			dependencies = (
			);
			name = ClassCalendar_WithHomework;
			productName = ClassCalendar_WithHomework;
			productReference = CA326C8722A1833E005C5416 /* ClassCalendar_WithHomework.app */;
			productType = "com.apple.product-type.application";
		};
/* End PBXNativeTarget section */

/* Begin PBXProject section */
		CA326C7F22A1833E005C5416 /* Project object */ = {
			isa = PBXProject;
			attributes = {
				LastSwiftUpdateCheck = 1010;
				LastUpgradeCheck = 1010;
				ORGANIZATIONNAME = "Alice Zhong";
				TargetAttributes = {
					CA326C8622A1833E005C5416 = {
						CreatedOnToolsVersion = 10.1;
					};
				};
			};
			buildConfigurationList = CA326C8222A1833E005C5416 /* Build configuration list for PBXProject "ClassCalendar_WithHomework" */;
			compatibilityVersion = "Xcode 9.3";
			developmentRegion = en;
			hasScannedForEncodings = 0;
			knownRegions = (
				en,
				Base,
			);
			mainGroup = CA326C7E22A1833E005C5416;
			productRefGroup = CA326C8822A1833E005C5416 /* Products */;
			projectDirPath = "";
			projectRoot = "";
			targets = (
				CA326C8622A1833E005C5416 /* ClassCalendar_WithHomework */,
			);
		};
/* End PBXProject section */

/* Begin PBXResourcesBuildPhase section */
		CA326C8522A1833E005C5416 /* Resources */ = {
			isa = PBXResourcesBuildPhase;
			buildActionMask = 2147483647;
			files = (
				CA326C9522A1833F005C5416 /* LaunchScreen.storyboard in Resources */,
				CA326C9222A1833F005C5416 /* Assets.xcassets in Resources */,
				CA326C9022A1833E005C5416 /* Main.storyboard in Resources */,
			);
			runOnlyForDeploymentPostprocessing = 0;
		};
/* End PBXResourcesBuildPhase section */

/* Begin PBXSourcesBuildPhase section */
		CA326C8322A1833E005C5416 /* Sources */ = {
			isa = PBXSourcesBuildPhase;
			buildActionMask = 2147483647;
			files = (
				CA326C9F22A6CF7D005C5416 /* Class.swift in Sources */,
				CA326C8B22A1833E005C5416 /* AppDelegate.swift in Sources */,
				CA326CA522A849DA005C5416 /* DayTableViewController.swift in Sources */,
				CA326CA122A6CFCF005C5416 /* Day.swift in Sources */,
				CA326CA322A6D8BF005C5416 /* CalendarTableViewCell.swift in Sources */,
				CA326C9D22A1841C005C5416 /* CalendarTableViewController.swift in Sources */,
			);
			runOnlyForDeploymentPostprocessing = 0;
		};
/* End PBXSourcesBuildPhase section */

/* Begin PBXVariantGroup section */
		CA326C8E22A1833E005C5416 /* Main.storyboard */ = {
			isa = PBXVariantGroup;
			children = (
				CA326C8F22A1833E005C5416 /* Base */,
			);
			name = Main.storyboard;
			sourceTree = "<group>";
		};
		CA326C9322A1833F005C5416 /* LaunchScreen.storyboard */ = {
			isa = PBXVariantGroup;
			children = (
				CA326C9422A1833F005C5416 /* Base */,
			);
			name = LaunchScreen.storyboard;
			sourceTree = "<group>";
		};
/* End PBXVariantGroup section */

/* Begin XCBuildConfiguration section */
		CA326C9722A1833F005C5416 /* Debug */ = {
			isa = XCBuildConfiguration;
			buildSettings = {
				ALWAYS_SEARCH_USER_PATHS = NO;
				CLANG_ANALYZER_NONNULL = YES;
				CLANG_ANALYZER_NUMBER_OBJECT_CONVERSION = YES_AGGRESSIVE;
				CLANG_CXX_LANGUAGE_STANDARD = "gnu++14";
				CLANG_CXX_LIBRARY = "libc++";
				CLANG_ENABLE_MODULES = YES;
				CLANG_ENABLE_OBJC_ARC = YES;
				CLANG_ENABLE_OBJC_WEAK = YES;
				CLANG_WARN_BLOCK_CAPTURE_AUTORELEASING = YES;
				CLANG_WARN_BOOL_CONVERSION = YES;
				CLANG_WARN_COMMA = YES;
				CLANG_WARN_CONSTANT_CONVERSION = YES;
				CLANG_WARN_DEPRECATED_OBJC_IMPLEMENTATIONS = YES;
				CLANG_WARN_DIRECT_OBJC_ISA_USAGE = YES_ERROR;
				CLANG_WARN_DOCUMENTATION_COMMENTS = YES;
				CLANG_WARN_EMPTY_BODY = YES;
				CLANG_WARN_ENUM_CONVERSION = YES;
				CLANG_WARN_INFINITE_RECURSION = YES;
				CLANG_WARN_INT_CONVERSION = YES;
				CLANG_WARN_NON_LITERAL_NULL_CONVERSION = YES;
				CLANG_WARN_OBJC_IMPLICIT_RETAIN_SELF = YES;
				CLANG_WARN_OBJC_LITERAL_CONVERSION = YES;
				CLANG_WARN_OBJC_ROOT_CLASS = YES_ERROR;
				CLANG_WARN_RANGE_LOOP_ANALYSIS = YES;
				CLANG_WARN_STRICT_PROTOTYPES = YES;
				CLANG_WARN_SUSPICIOUS_MOVE = YES;
				CLANG_WARN_UNGUARDED_AVAILABILITY = YES_AGGRESSIVE;
				CLANG_WARN_UNREACHABLE_CODE = YES;
				CLANG_WARN__DUPLICATE_METHOD_MATCH = YES;
				CODE_SIGN_IDENTITY = "iPhone Developer";
				COPY_PHASE_STRIP = NO;
				DEBUG_INFORMATION_FORMAT = dwarf;
				ENABLE_STRICT_OBJC_MSGSEND = YES;
				ENABLE_TESTABILITY = YES;
				GCC_C_LANGUAGE_STANDARD = gnu11;
				GCC_DYNAMIC_NO_PIC = NO;
				GCC_NO_COMMON_BLOCKS = YES;
				GCC_OPTIMIZATION_LEVEL = 0;
				GCC_PREPROCESSOR_DEFINITIONS = (
					"DEBUG=1",
					"$(inherited)",
				);
				GCC_WARN_64_TO_32_BIT_CONVERSION = YES;
				GCC_WARN_ABOUT_RETURN_TYPE = YES_ERROR;
				GCC_WARN_UNDECLARED_SELECTOR = YES;
				GCC_WARN_UNINITIALIZED_AUTOS = YES_AGGRESSIVE;
				GCC_WARN_UNUSED_FUNCTION = YES;
				GCC_WARN_UNUSED_VARIABLE = YES;
				IPHONEOS_DEPLOYMENT_TARGET = 12.1;
				MTL_ENABLE_DEBUG_INFO = INCLUDE_SOURCE;
				MTL_FAST_MATH = YES;
				ONLY_ACTIVE_ARCH = YES;
				SDKROOT = iphoneos;
				SWIFT_ACTIVE_COMPILATION_CONDITIONS = DEBUG;
				SWIFT_OPTIMIZATION_LEVEL = "-Onone";
			};
			name = Debug;
		};
		CA326C9822A1833F005C5416 /* Release */ = {
			isa = XCBuildConfiguration;
			buildSettings = {
				ALWAYS_SEARCH_USER_PATHS = NO;
				CLANG_ANALYZER_NONNULL = YES;
				CLANG_ANALYZER_NUMBER_OBJECT_CONVERSION = YES_AGGRESSIVE;
				CLANG_CXX_LANGUAGE_STANDARD = "gnu++14";
				CLANG_CXX_LIBRARY = "libc++";
				CLANG_ENABLE_MODULES = YES;
				CLANG_ENABLE_OBJC_ARC = YES;
				CLANG_ENABLE_OBJC_WEAK = YES;
				CLANG_WARN_BLOCK_CAPTURE_AUTORELEASING = YES;
				CLANG_WARN_BOOL_CONVERSION = YES;
				CLANG_WARN_COMMA = YES;
				CLANG_WARN_CONSTANT_CONVERSION = YES;
				CLANG_WARN_DEPRECATED_OBJC_IMPLEMENTATIONS = YES;
				CLANG_WARN_DIRECT_OBJC_ISA_USAGE = YES_ERROR;
				CLANG_WARN_DOCUMENTATION_COMMENTS = YES;
				CLANG_WARN_EMPTY_BODY = YES;
				CLANG_WARN_ENUM_CONVERSION = YES;
				CLANG_WARN_INFINITE_RECURSION = YES;
				CLANG_WARN_INT_CONVERSION = YES;
				CLANG_WARN_NON_LITERAL_NULL_CONVERSION = YES;
				CLANG_WARN_OBJC_IMPLICIT_RETAIN_SELF = YES;
				CLANG_WARN_OBJC_LITERAL_CONVERSION = YES;
				CLANG_WARN_OBJC_ROOT_CLASS = YES_ERROR;
				CLANG_WARN_RANGE_LOOP_ANALYSIS = YES;
				CLANG_WARN_STRICT_PROTOTYPES = YES;
				CLANG_WARN_SUSPICIOUS_MOVE = YES;
				CLANG_WARN_UNGUARDED_AVAILABILITY = YES_AGGRESSIVE;
				CLANG_WARN_UNREACHABLE_CODE = YES;
				CLANG_WARN__DUPLICATE_METHOD_MATCH = YES;
				CODE_SIGN_IDENTITY = "iPhone Developer";
				COPY_PHASE_STRIP = NO;
				DEBUG_INFORMATION_FORMAT = "dwarf-with-dsym";
				ENABLE_NS_ASSERTIONS = NO;
				ENABLE_STRICT_OBJC_MSGSEND = YES;
				GCC_C_LANGUAGE_STANDARD = gnu11;
				GCC_NO_COMMON_BLOCKS = YES;
				GCC_WARN_64_TO_32_BIT_CONVERSION = YES;
				GCC_WARN_ABOUT_RETURN_TYPE = YES_ERROR;
				GCC_WARN_UNDECLARED_SELECTOR = YES;
				GCC_WARN_UNINITIALIZED_AUTOS = YES_AGGRESSIVE;
				GCC_WARN_UNUSED_FUNCTION = YES;
				GCC_WARN_UNUSED_VARIABLE = YES;
				IPHONEOS_DEPLOYMENT_TARGET = 12.1;
				MTL_ENABLE_DEBUG_INFO = NO;
				MTL_FAST_MATH = YES;
				SDKROOT = iphoneos;
				SWIFT_COMPILATION_MODE = wholemodule;
				SWIFT_OPTIMIZATION_LEVEL = "-O";
				VALIDATE_PRODUCT = YES;
			};
			name = Release;
		};
		CA326C9A22A1833F005C5416 /* Debug */ = {
			isa = XCBuildConfiguration;
			buildSettings = {
				ASSETCATALOG_COMPILER_APPICON_NAME = AppIcon;
				CODE_SIGN_STYLE = Automatic;
				DEVELOPMENT_TEAM = PV7NB69PM9;
				INFOPLIST_FILE = ClassCalendar_WithHomework/Info.plist;
				LD_RUNPATH_SEARCH_PATHS = (
					"$(inherited)",
					"@executable_path/Frameworks",
				);
				PRODUCT_BUNDLE_IDENTIFIER = "com.example.ClassCalendar-WithHomework";
				PRODUCT_NAME = "$(TARGET_NAME)";
				SWIFT_VERSION = 4.2;
				TARGETED_DEVICE_FAMILY = "1,2";
			};
			name = Debug;
		};
		CA326C9B22A1833F005C5416 /* Release */ = {
			isa = XCBuildConfiguration;
			buildSettings = {
				ASSETCATALOG_COMPILER_APPICON_NAME = AppIcon;
				CODE_SIGN_STYLE = Automatic;
				DEVELOPMENT_TEAM = PV7NB69PM9;
				INFOPLIST_FILE = ClassCalendar_WithHomework/Info.plist;
				LD_RUNPATH_SEARCH_PATHS = (
					"$(inherited)",
					"@executable_path/Frameworks",
				);
				PRODUCT_BUNDLE_IDENTIFIER = "com.example.ClassCalendar-WithHomework";
				PRODUCT_NAME = "$(TARGET_NAME)";
				SWIFT_VERSION = 4.2;
				TARGETED_DEVICE_FAMILY = "1,2";
			};
			name = Release;
		};
/* End XCBuildConfiguration section */

/* Begin XCConfigurationList section */
		CA326C8222A1833E005C5416 /* Build configuration list for PBXProject "ClassCalendar_WithHomework" */ = {
			isa = XCConfigurationList;
			buildConfigurations = (
				CA326C9722A1833F005C5416 /* Debug */,
				CA326C9822A1833F005C5416 /* Release */,
			);
			defaultConfigurationIsVisible = 0;
			defaultConfigurationName = Release;
		};
		CA326C9922A1833F005C5416 /* Build configuration list for PBXNativeTarget "ClassCalendar_WithHomework" */ = {
			isa = XCConfigurationList;
			buildConfigurations = (
				CA326C9A22A1833F005C5416 /* Debug */,
				CA326C9B22A1833F005C5416 /* Release */,
			);
			defaultConfigurationIsVisible = 0;
			defaultConfigurationName = Release;
		};
/* End XCConfigurationList section */
	};
	rootObject = CA326C7F22A1833E005C5416 /* Project object */;
}
